
Microsoft Visual Studio Solution File, Format Version 12.00
# Visual Studio Version 16
VisualStudioVersion = 16.0.31515.178
MinimumVisualStudioVersion = 10.0.40219.1
Project("{2150E333-8FDC-42A3-9474-1A3956D46DE8}") = "Services", "Services", "{847CE857-EA25-4255-A097-671B2E830B74}"
EndProject
Project("{2150E333-8FDC-42A3-9474-1A3956D46DE8}") = "Catalog", "Catalog", "{86285748-36D7-4165-BD98-95979430F328}"
EndProject
Project("{FAE04EC0-301F-11D3-BF4B-00C04F79EFBC}") = "Catalog.API", "Services\Catalog\Catalog.API\Catalog.API.csproj", "{1E610CD1-4AFB-47CC-92F0-29957A9EF044}"
EndProject
Global
	GlobalSection(SolutionConfigurationPlatforms) = preSolution
		Debug|Any CPU = Debug|Any CPU
		Release|Any CPU = Release|Any CPU
	EndGlobalSection
	GlobalSection(ProjectConfigurationPlatforms) = postSolution
		{1E610CD1-4AFB-47CC-92F0-29957A9EF044}.Debug|Any CPU.ActiveCfg = Debug|Any CPU
		{1E610CD1-4AFB-47CC-92F0-29957A9EF044}.Debug|Any CPU.Build.0 = Debug|Any CPU
		{1E610CD1-4AFB-47CC-92F0-29957A9EF044}.Release|Any CPU.ActiveCfg = Release|Any CPU
		{1E610CD1-4AFB-47CC-92F0-29957A9EF044}.Release|Any CPU.Build.0 = Release|Any CPU
	EndGlobalSection
	GlobalSection(SolutionProperties) = preSolution
		HideSolutionNode = FALSE
	EndGlobalSection
	GlobalSection(NestedProjects) = preSolution
		{86285748-36D7-4165-BD98-95979430F328} = {847CE857-EA25-4255-A097-671B2E830B74}
		{1E610CD1-4AFB-47CC-92F0-29957A9EF044} = {86285748-36D7-4165-BD98-95979430F328}
	EndGlobalSection
	GlobalSection(ExtensibilityGlobals) = postSolution
		SolutionGuid = {A1A3EC0C-2F59-4E73-99C3-FF6A836095DA}
	EndGlobalSection
EndGlobal
